
Microsoft Visual Studio Solution File, Format Version 12.00
# Visual Studio Version 17
VisualStudioVersion = 17.11.35303.130
MinimumVisualStudioVersion = 10.0.40219.1
Project("{FAE04EC0-301F-11D3-BF4B-00C04F79EFBC}") = "WhispersOfTheGarden", "WhispersOfTheGarden\WhispersOfTheGarden.csproj", "{5D6E802A-6A63-4218-AEA7-A0F5D586C199}"
EndProject
Global
	GlobalSection(SolutionConfigurationPlatforms) = preSolution
		Debug|Any CPU = Debug|Any CPU
		Release|Any CPU = Release|Any CPU
	EndGlobalSection
	GlobalSection(ProjectConfigurationPlatforms) = postSolution
		{5D6E802A-6A63-4218-AEA7-A0F5D586C199}.Debug|Any CPU.ActiveCfg = Debug|Any CPU
		{5D6E802A-6A63-4218-AEA7-A0F5D586C199}.Debug|Any CPU.Build.0 = Debug|Any CPU
		{5D6E802A-6A63-4218-AEA7-A0F5D586C199}.Release|Any CPU.ActiveCfg = Release|Any CPU
		{5D6E802A-6A63-4218-AEA7-A0F5D586C199}.Release|Any CPU.Build.0 = Release|Any CPU
	EndGlobalSection
	GlobalSection(SolutionProperties) = preSolution
		HideSolutionNode = FALSE
	EndGlobalSection
	GlobalSection(ExtensibilityGlobals) = postSolution
		SolutionGuid = {AC14C790-0B52-459B-92FD-21C69AD7FEE8}
	EndGlobalSection
EndGlobal
